
Microsoft Visual Studio Solution File, Format Version 12.00
# Visual Studio 15
Project("{FAE04EC0-301F-11D3-BF4B-00C04F79EFBC}") = "VuforiaScripts", "VuforiaScripts.csproj", "{3BE0BC57-856C-E606-EAA8-82988853D918}"
EndProject
Project("{FAE04EC0-301F-11D3-BF4B-00C04F79EFBC}") = "Assembly-CSharp", "Assembly-CSharp.csproj", "{5E961562-4AF3-6C39-DA24-3A4E7D4810B5}"
EndProject
Project("{FAE04EC0-301F-11D3-BF4B-00C04F79EFBC}") = "VuforiaEditorScripts", "VuforiaEditorScripts.csproj", "{38BDF3B2-0A31-6D4D-25F2-BE5D4B75C88A}"
EndProject
Global
	GlobalSection(SolutionConfigurationPlatforms) = preSolution
		Debug|Any CPU = Debug|Any CPU
		Release|Any CPU = Release|Any CPU
	EndGlobalSection
	GlobalSection(ProjectConfigurationPlatforms) = postSolution
		{3BE0BC57-856C-E606-EAA8-82988853D918}.Debug|Any CPU.ActiveCfg = Debug|Any CPU
		{3BE0BC57-856C-E606-EAA8-82988853D918}.Debug|Any CPU.Build.0 = Debug|Any CPU
		{3BE0BC57-856C-E606-EAA8-82988853D918}.Release|Any CPU.ActiveCfg = Release|Any CPU
		{3BE0BC57-856C-E606-EAA8-82988853D918}.Release|Any CPU.Build.0 = Release|Any CPU
		{5E961562-4AF3-6C39-DA24-3A4E7D4810B5}.Debug|Any CPU.ActiveCfg = Debug|Any CPU
		{5E961562-4AF3-6C39-DA24-3A4E7D4810B5}.Debug|Any CPU.Build.0 = Debug|Any CPU
		{5E961562-4AF3-6C39-DA24-3A4E7D4810B5}.Release|Any CPU.ActiveCfg = Release|Any CPU
		{5E961562-4AF3-6C39-DA24-3A4E7D4810B5}.Release|Any CPU.Build.0 = Release|Any CPU
		{38BDF3B2-0A31-6D4D-25F2-BE5D4B75C88A}.Debug|Any CPU.ActiveCfg = Debug|Any CPU
		{38BDF3B2-0A31-6D4D-25F2-BE5D4B75C88A}.Debug|Any CPU.Build.0 = Debug|Any CPU
		{38BDF3B2-0A31-6D4D-25F2-BE5D4B75C88A}.Release|Any CPU.ActiveCfg = Release|Any CPU
		{38BDF3B2-0A31-6D4D-25F2-BE5D4B75C88A}.Release|Any CPU.Build.0 = Release|Any CPU
	EndGlobalSection
	GlobalSection(SolutionProperties) = preSolution
		HideSolutionNode = FALSE
	EndGlobalSection
EndGlobal
